{
    "_readme": [
        "This file locks the dependencies of your project to a known state",
        "Read more about it at https://getcomposer.org/doc/01-basic-usage.md#installing-dependencies",
        "This file is @generated automatically"
    ],
    "content-hash": "8f1b7f3adaa84f17f423eb9cb14375e7",
    "packages": [
        {
            "name": "myclabs/php-enum",
            "version": "1.8.4",
            "source": {
                "type": "git",
                "url": "https://github.com/myclabs/php-enum.git",
                "reference": "a867478eae49c9f59ece437ae7f9506bfaa27483"
            },
            "dist": {
                "type": "zip",
                "url": "https://api.github.com/repos/myclabs/php-enum/zipball/a867478eae49c9f59ece437ae7f9506bfaa27483",
                "reference": "a867478eae49c9f59ece437ae7f9506bfaa27483",
                "shasum": ""
            },
            "require": {
                "ext-json": "*",
                "php": "^7.3 || ^8.0"
            },
            "require-dev": {
                "phpunit/phpunit": "^9.5",
                "squizlabs/php_codesniffer": "1.*",
                "vimeo/psalm": "^4.6.2"
            },
            "type": "library",
            "autoload": {
                "psr-4": {
                    "MyCLabs\\Enum\\": "src/"
                },
                "classmap": [
                    "stubs/Stringable.php"
                ]
            },
            "notification-url": "https://packagist.org/downloads/",
            "license": [
                "MIT"
            ],
            "authors": [
                {
                    "name": "PHP Enum contributors",
                    "homepage": "https://github.com/myclabs/php-enum/graphs/contributors"
                }
            ],
            "description": "PHP Enum implementation",
            "homepage": "http://github.com/myclabs/php-enum",
            "keywords": [
                "enum"
            ],
            "support": {
                "issues": "https://github.com/myclabs/php-enum/issues",
                "source": "https://github.com/myclabs/php-enum/tree/1.8.4"
            },
            "funding": [
                {
                    "url": "https://github.com/mnapoli",
                    "type": "github"
                },
                {
                    "url": "https://tidelift.com/funding/github/packagist/myclabs/php-enum",
                    "type": "tidelift"
                }
            ],
            "time": "2022-08-04T09:53:51+00:00"
        },
        {
            "name": "php-mqtt/client",
            "version": "v2.1.0",
            "source": {
                "type": "git",
                "url": "https://github.com/php-mqtt/client.git",
                "reference": "82581417df4fa63a95c7584866a8fd2fdef53105"
            },
            "dist": {
                "type": "zip",
                "url": "https://api.github.com/repos/php-mqtt/client/zipball/82581417df4fa63a95c7584866a8fd2fdef53105",
                "reference": "82581417df4fa63a95c7584866a8fd2fdef53105",
                "shasum": ""
            },
            "require": {
                "myclabs/php-enum": "^1.7",
                "php": "^8.0",
                "psr/log": "^1.1|^2.0|^3.0"
            },
            "require-dev": {
                "phpunit/php-invoker": "^3.0",
                "phpunit/phpunit": "^9.0",
                "squizlabs/php_codesniffer": "^3.5"
            },
            "suggest": {
                "ext-redis": "Required for the RedisRepository"
            },
            "type": "library",
            "autoload": {
                "psr-4": {
                    "PhpMqtt\\Client\\": "src"
                }
            },
            "notification-url": "https://packagist.org/downloads/",
            "license": [
                "MIT"
            ],
            "authors": [
                {
                    "name": "Marvin Mall",
                    "email": "marvin-mall@msn.com",
                    "role": "developer"
                }
            ],
            "description": "An MQTT client written in and for PHP.",
            "keywords": [
                "client",
                "mqtt",
                "publish",
                "subscribe"
            ],
            "support": {
                "issues": "https://github.com/php-mqtt/client/issues",
                "source": "https://github.com/php-mqtt/client/tree/v2.1.0"
            },
            "time": "2024-04-24T16:24:36+00:00"
        },
        {
            "name": "psr/log",
            "version": "3.0.1",
            "source": {
                "type": "git",
                "url": "https://github.com/php-fig/log.git",
                "reference": "79dff0b268932c640297f5208d6298f71855c03e"
            },
            "dist": {
                "type": "zip",
                "url": "https://api.github.com/repos/php-fig/log/zipball/79dff0b268932c640297f5208d6298f71855c03e",
                "reference": "79dff0b268932c640297f5208d6298f71855c03e",
                "shasum": ""
            },
            "require": {
                "php": ">=7.4"
            },
            "type": "library",
            "extra": {
                "branch-alias": {
                    "dev-master": "3.x-dev"
                }
            },
            "autoload": {
                "psr-4": {
                    "Psr\\Log\\": "src"
                }
            },
            "notification-url": "https://packagist.org/downloads/",
            "license": [
                "MIT"
            ],
            "authors": [
                {
                    "name": "PHP-FIG",
                    "homepage": "https://www.php-fig.org/"
                }
            ],
            "description": "Common interface for logging libraries",
            "homepage": "https://github.com/php-fig/log",
            "keywords": [
                "log",
                "psr",
                "psr-3"
            ],
            "support": {
                "source": "https://github.com/php-fig/log/tree/3.0.1"
            },
            "time": "2024-08-21T13:31:24+00:00"
        }
    ],
    "packages-dev": [],
    "aliases": [],
    "minimum-stability": "stable",
    "stability-flags": [],
    "prefer-stable": false,
    "prefer-lowest": false,
    "platform": {
        "php": "^7.4|^8.0",
        "ext-json": "*",
        "ext-pcntl": "*"
    },
    "platform-dev": [],
    "plugin-api-version": "2.6.0"
}
